// !$*UTF8*$!
{
	archiveVersion = 1;
	classes = {
	};
	objectVersion = 52;
	objects = {

/* Begin PBXBuildFile section */
		E5127E57235854FF00B6A236 /* RealmSwift in Frameworks */ = {isa = PBXBuildFile; productRef = E5127E56235854FF00B6A236 /* RealmSwift */; };
		E5127E5D23585E4800B6A236 /* RealmService.swift in Sources */ = {isa = PBXBuildFile; fileRef = E5127E5C23585E4800B6A236 /* RealmService.swift */; };
		E5127E5F2358657A00B6A236 /* NetworkingService.swift in Sources */ = {isa = PBXBuildFile; fileRef = E5127E5E2358657A00B6A236 /* NetworkingService.swift */; };
		E51B6D852356228F005E00E2 /* AppDelegate.swift in Sources */ = {isa = PBXBuildFile; fileRef = E51B6D842356228F005E00E2 /* AppDelegate.swift */; };
		E51B6D872356228F005E00E2 /* SceneDelegate.swift in Sources */ = {isa = PBXBuildFile; fileRef = E51B6D862356228F005E00E2 /* SceneDelegate.swift */; };
		E51B6D8E23562290005E00E2 /* Assets.xcassets in Resources */ = {isa = PBXBuildFile; fileRef = E51B6D8D23562290005E00E2 /* Assets.xcassets */; };
		E51B6D9123562290005E00E2 /* LaunchScreen.storyboard in Resources */ = {isa = PBXBuildFile; fileRef = E51B6D8F23562290005E00E2 /* LaunchScreen.storyboard */; };
		E51B6D9C23562290005E00E2 /* Json_Api_CheckTests.swift in Sources */ = {isa = PBXBuildFile; fileRef = E51B6D9B23562290005E00E2 /* Json_Api_CheckTests.swift */; };
		E51B6DA723562290005E00E2 /* Json_Api_CheckUITests.swift in Sources */ = {isa = PBXBuildFile; fileRef = E51B6DA623562290005E00E2 /* Json_Api_CheckUITests.swift */; };
		E51B6DBE235625AC005E00E2 /* UsersListView.swift in Sources */ = {isa = PBXBuildFile; fileRef = E51B6DBD235625AC005E00E2 /* UsersListView.swift */; };
		E51B6DC2235625F1005E00E2 /* RepositoryInteractor.swift in Sources */ = {isa = PBXBuildFile; fileRef = E51B6DC1235625F1005E00E2 /* RepositoryInteractor.swift */; };
		E51B6DC423563019005E00E2 /* UsersListPresenter.swift in Sources */ = {isa = PBXBuildFile; fileRef = E51B6DC323563019005E00E2 /* UsersListPresenter.swift */; };
		E51B6DC62356334A005E00E2 /* StaticVariables.swift in Sources */ = {isa = PBXBuildFile; fileRef = E51B6DC52356334A005E00E2 /* StaticVariables.swift */; };
		E51B6DC823566403005E00E2 /* UsersListCellView.swift in Sources */ = {isa = PBXBuildFile; fileRef = E51B6DC723566403005E00E2 /* UsersListCellView.swift */; };
		E51B6DD12357370E005E00E2 /* UserDetailsView.swift in Sources */ = {isa = PBXBuildFile; fileRef = E51B6DD02357370E005E00E2 /* UserDetailsView.swift */; };
		E51B6DD423573B1B005E00E2 /* Router.swift in Sources */ = {isa = PBXBuildFile; fileRef = E51B6DD323573B1B005E00E2 /* Router.swift */; };
		E51B6DD6235746CB005E00E2 /* UserRelatedPojo.swift in Sources */ = {isa = PBXBuildFile; fileRef = E51B6DD5235746CB005E00E2 /* UserRelatedPojo.swift */; };
		E51DAB83235C82C700F91097 /* AlbumDetailsView.swift in Sources */ = {isa = PBXBuildFile; fileRef = E51DAB82235C82C700F91097 /* AlbumDetailsView.swift */; };
		E51DAB85235C82DA00F91097 /* PhotoDetailsView.swift in Sources */ = {isa = PBXBuildFile; fileRef = E51DAB84235C82DA00F91097 /* PhotoDetailsView.swift */; };
		E552A3882361D8DC007CDAED /* PostRelatedPojo.swift in Sources */ = {isa = PBXBuildFile; fileRef = E552A3872361D8DC007CDAED /* PostRelatedPojo.swift */; };
		E552A38A2361D8EC007CDAED /* AlbumRelatedPojo.swift in Sources */ = {isa = PBXBuildFile; fileRef = E552A3892361D8EC007CDAED /* AlbumRelatedPojo.swift */; };
		E56BB44F2389785E00972C4F /* AlbumDetailsViewCell.swift in Sources */ = {isa = PBXBuildFile; fileRef = E56BB44D2389785E00972C4F /* AlbumDetailsViewCell.swift */; };
		E5ACD2812379A27700498BF2 /* PhotoDetailsView.xib in Resources */ = {isa = PBXBuildFile; fileRef = E5ACD2802379A27700498BF2 /* PhotoDetailsView.xib */; };
		E5CD137E2360765400FC9E82 /* UserDetailsPresenter.swift in Sources */ = {isa = PBXBuildFile; fileRef = E5CD137D2360765400FC9E82 /* UserDetailsPresenter.swift */; };
		E5FD8A5A237820490055E2B9 /* UserDetailsView.xib in Resources */ = {isa = PBXBuildFile; fileRef = E5FD8A59237820490055E2B9 /* UserDetailsView.xib */; };
		E5FD8A5D2378286E0055E2B9 /* PostDetailsView.swift in Sources */ = {isa = PBXBuildFile; fileRef = E5FD8A5B2378286E0055E2B9 /* PostDetailsView.swift */; };
		E5FD8A5E2378286E0055E2B9 /* PostDetailsView.xib in Resources */ = {isa = PBXBuildFile; fileRef = E5FD8A5C2378286E0055E2B9 /* PostDetailsView.xib */; };
		E5FD8A6023785B3D0055E2B9 /* AlbumDetailsView.xib in Resources */ = {isa = PBXBuildFile; fileRef = E5FD8A5F23785B3D0055E2B9 /* AlbumDetailsView.xib */; };
		E5FD8A66237866290055E2B9 /* PhotoRelatedPojo.swift in Sources */ = {isa = PBXBuildFile; fileRef = E5FD8A65237866290055E2B9 /* PhotoRelatedPojo.swift */; };
/* End PBXBuildFile section */

/* Begin PBXContainerItemProxy section */
		E51B6D9823562290005E00E2 /* PBXContainerItemProxy */ = {
			isa = PBXContainerItemProxy;
			containerPortal = E51B6D792356228F005E00E2 /* Project object */;
			proxyType = 1;
			remoteGlobalIDString = E51B6D802356228F005E00E2;
			remoteInfo = "Json Api Check";
		};
		E51B6DA323562290005E00E2 /* PBXContainerItemProxy */ = {
			isa = PBXContainerItemProxy;
			containerPortal = E51B6D792356228F005E00E2 /* Project object */;
			proxyType = 1;
			remoteGlobalIDString = E51B6D802356228F005E00E2;
			remoteInfo = "Json Api Check";
		};
/* End PBXContainerItemProxy section */

/* Begin PBXFileReference section */
		E5127E5C23585E4800B6A236 /* RealmService.swift */ = {isa = PBXFileReference; lastKnownFileType = sourcecode.swift; path = RealmService.swift; sourceTree = "<group>"; };
		E5127E5E2358657A00B6A236 /* NetworkingService.swift */ = {isa = PBXFileReference; lastKnownFileType = sourcecode.swift; path = NetworkingService.swift; sourceTree = "<group>"; };
		E51B6D812356228F005E00E2 /* Json Api Check.app */ = {isa = PBXFileReference; explicitFileType = wrapper.application; includeInIndex = 0; path = "Json Api Check.app"; sourceTree = BUILT_PRODUCTS_DIR; };
		E51B6D842356228F005E00E2 /* AppDelegate.swift */ = {isa = PBXFileReference; lastKnownFileType = sourcecode.swift; path = AppDelegate.swift; sourceTree = "<group>"; };
		E51B6D862356228F005E00E2 /* SceneDelegate.swift */ = {isa = PBXFileReference; lastKnownFileType = sourcecode.swift; path = SceneDelegate.swift; sourceTree = "<group>"; };
		E51B6D8D23562290005E00E2 /* Assets.xcassets */ = {isa = PBXFileReference; lastKnownFileType = folder.assetcatalog; path = Assets.xcassets; sourceTree = "<group>"; };
		E51B6D9023562290005E00E2 /* Base */ = {isa = PBXFileReference; lastKnownFileType = file.storyboard; name = Base; path = Base.lproj/LaunchScreen.storyboard; sourceTree = "<group>"; };
		E51B6D9223562290005E00E2 /* Info.plist */ = {isa = PBXFileReference; lastKnownFileType = text.plist.xml; path = Info.plist; sourceTree = "<group>"; };
		E51B6D9723562290005E00E2 /* Json Api CheckTests.xctest */ = {isa = PBXFileReference; explicitFileType = wrapper.cfbundle; includeInIndex = 0; path = "Json Api CheckTests.xctest"; sourceTree = BUILT_PRODUCTS_DIR; };
		E51B6D9B23562290005E00E2 /* Json_Api_CheckTests.swift */ = {isa = PBXFileReference; lastKnownFileType = sourcecode.swift; path = Json_Api_CheckTests.swift; sourceTree = "<group>"; };
		E51B6D9D23562290005E00E2 /* Info.plist */ = {isa = PBXFileReference; lastKnownFileType = text.plist.xml; path = Info.plist; sourceTree = "<group>"; };
		E51B6DA223562290005E00E2 /* Json Api CheckUITests.xctest */ = {isa = PBXFileReference; explicitFileType = wrapper.cfbundle; includeInIndex = 0; path = "Json Api CheckUITests.xctest"; sourceTree = BUILT_PRODUCTS_DIR; };
		E51B6DA623562290005E00E2 /* Json_Api_CheckUITests.swift */ = {isa = PBXFileReference; lastKnownFileType = sourcecode.swift; path = Json_Api_CheckUITests.swift; sourceTree = "<group>"; };
		E51B6DA823562290005E00E2 /* Info.plist */ = {isa = PBXFileReference; lastKnownFileType = text.plist.xml; path = Info.plist; sourceTree = "<group>"; };
		E51B6DBD235625AC005E00E2 /* UsersListView.swift */ = {isa = PBXFileReference; lastKnownFileType = sourcecode.swift; path = UsersListView.swift; sourceTree = "<group>"; };
		E51B6DC1235625F1005E00E2 /* RepositoryInteractor.swift */ = {isa = PBXFileReference; lastKnownFileType = sourcecode.swift; path = RepositoryInteractor.swift; sourceTree = "<group>"; };
		E51B6DC323563019005E00E2 /* UsersListPresenter.swift */ = {isa = PBXFileReference; lastKnownFileType = sourcecode.swift; path = UsersListPresenter.swift; sourceTree = "<group>"; };
		E51B6DC52356334A005E00E2 /* StaticVariables.swift */ = {isa = PBXFileReference; lastKnownFileType = sourcecode.swift; path = StaticVariables.swift; sourceTree = "<group>"; };
		E51B6DC723566403005E00E2 /* UsersListCellView.swift */ = {isa = PBXFileReference; lastKnownFileType = sourcecode.swift; path = UsersListCellView.swift; sourceTree = "<group>"; };
		E51B6DD02357370E005E00E2 /* UserDetailsView.swift */ = {isa = PBXFileReference; lastKnownFileType = sourcecode.swift; path = UserDetailsView.swift; sourceTree = "<group>"; };
		E51B6DD323573B1B005E00E2 /* Router.swift */ = {isa = PBXFileReference; lastKnownFileType = sourcecode.swift; path = Router.swift; sourceTree = "<group>"; };
		E51B6DD5235746CB005E00E2 /* UserRelatedPojo.swift */ = {isa = PBXFileReference; lastKnownFileType = sourcecode.swift; path = UserRelatedPojo.swift; sourceTree = "<group>"; };
		E51DAB82235C82C700F91097 /* AlbumDetailsView.swift */ = {isa = PBXFileReference; lastKnownFileType = sourcecode.swift; path = AlbumDetailsView.swift; sourceTree = "<group>"; };
		E51DAB84235C82DA00F91097 /* PhotoDetailsView.swift */ = {isa = PBXFileReference; lastKnownFileType = sourcecode.swift; path = PhotoDetailsView.swift; sourceTree = "<group>"; };
		E552A3872361D8DC007CDAED /* PostRelatedPojo.swift */ = {isa = PBXFileReference; lastKnownFileType = sourcecode.swift; path = PostRelatedPojo.swift; sourceTree = "<group>"; };
		E552A3892361D8EC007CDAED /* AlbumRelatedPojo.swift */ = {isa = PBXFileReference; lastKnownFileType = sourcecode.swift; path = AlbumRelatedPojo.swift; sourceTree = "<group>"; };
		E56BB44D2389785E00972C4F /* AlbumDetailsViewCell.swift */ = {isa = PBXFileReference; lastKnownFileType = sourcecode.swift; path = AlbumDetailsViewCell.swift; sourceTree = "<group>"; };
		E5ACD2802379A27700498BF2 /* PhotoDetailsView.xib */ = {isa = PBXFileReference; lastKnownFileType = file.xib; path = PhotoDetailsView.xib; sourceTree = "<group>"; };
		E5CD137D2360765400FC9E82 /* UserDetailsPresenter.swift */ = {isa = PBXFileReference; lastKnownFileType = sourcecode.swift; path = UserDetailsPresenter.swift; sourceTree = "<group>"; };
		E5FD8A59237820490055E2B9 /* UserDetailsView.xib */ = {isa = PBXFileReference; lastKnownFileType = file.xib; path = UserDetailsView.xib; sourceTree = "<group>"; };
		E5FD8A5B2378286E0055E2B9 /* PostDetailsView.swift */ = {isa = PBXFileReference; lastKnownFileType = sourcecode.swift; path = PostDetailsView.swift; sourceTree = "<group>"; };
		E5FD8A5C2378286E0055E2B9 /* PostDetailsView.xib */ = {isa = PBXFileReference; lastKnownFileType = file.xib; path = PostDetailsView.xib; sourceTree = "<group>"; };
		E5FD8A5F23785B3D0055E2B9 /* AlbumDetailsView.xib */ = {isa = PBXFileReference; lastKnownFileType = file.xib; path = AlbumDetailsView.xib; sourceTree = "<group>"; };
		E5FD8A65237866290055E2B9 /* PhotoRelatedPojo.swift */ = {isa = PBXFileReference; lastKnownFileType = sourcecode.swift; path = PhotoRelatedPojo.swift; sourceTree = "<group>"; };
/* End PBXFileReference section */

/* Begin PBXFrameworksBuildPhase section */
		E51B6D7E2356228F005E00E2 /* Frameworks */ = {
			isa = PBXFrameworksBuildPhase;
			buildActionMask = 2147483647;
			files = (
				E5127E57235854FF00B6A236 /* RealmSwift in Frameworks */,
			);
			runOnlyForDeploymentPostprocessing = 0;
		};
		E51B6D9423562290005E00E2 /* Frameworks */ = {
			isa = PBXFrameworksBuildPhase;
			buildActionMask = 2147483647;
			files = (
			);
			runOnlyForDeploymentPostprocessing = 0;
		};
		E51B6D9F23562290005E00E2 /* Frameworks */ = {
			isa = PBXFrameworksBuildPhase;
			buildActionMask = 2147483647;
			files = (
			);
			runOnlyForDeploymentPostprocessing = 0;
		};
/* End PBXFrameworksBuildPhase section */

/* Begin PBXGroup section */
		E51B6D782356228F005E00E2 = {
			isa = PBXGroup;
			children = (
				E51B6D832356228F005E00E2 /* Json Api Check */,
				E51B6D9A23562290005E00E2 /* Json Api CheckTests */,
				E51B6DA523562290005E00E2 /* Json Api CheckUITests */,
				E51B6D822356228F005E00E2 /* Products */,
			);
			sourceTree = "<group>";
		};
		E51B6D822356228F005E00E2 /* Products */ = {
			isa = PBXGroup;
			children = (
				E51B6D812356228F005E00E2 /* Json Api Check.app */,
				E51B6D9723562290005E00E2 /* Json Api CheckTests.xctest */,
				E51B6DA223562290005E00E2 /* Json Api CheckUITests.xctest */,
			);
			name = Products;
			sourceTree = "<group>";
		};
		E51B6D832356228F005E00E2 /* Json Api Check */ = {
			isa = PBXGroup;
			children = (
				E51DAB93235CD19000F91097 /* Supporting files */,
				E51DAB87235CD08300F91097 /* Router */,
				E51DAB88235CD09600F91097 /* PhotoDetails */,
				E51DAB89235CD0A500F91097 /* AlbumDetails */,
				E51DAB8B235CD0D300F91097 /* UserDetails */,
				E51DAB8A235CD0B700F91097 /* PostDetails */,
				E51DAB8C235CD0FA00F91097 /* UsersList */,
				E51DAB8F235CD14300F91097 /* Repository */,
				E51B6D842356228F005E00E2 /* AppDelegate.swift */,
				E51B6D862356228F005E00E2 /* SceneDelegate.swift */,
			);
			path = "Json Api Check";
			sourceTree = "<group>";
		};
		E51B6D9A23562290005E00E2 /* Json Api CheckTests */ = {
			isa = PBXGroup;
			children = (
				E51B6D9B23562290005E00E2 /* Json_Api_CheckTests.swift */,
				E51B6D9D23562290005E00E2 /* Info.plist */,
			);
			path = "Json Api CheckTests";
			sourceTree = "<group>";
		};
		E51B6DA523562290005E00E2 /* Json Api CheckUITests */ = {
			isa = PBXGroup;
			children = (
				E51B6DA623562290005E00E2 /* Json_Api_CheckUITests.swift */,
				E51B6DA823562290005E00E2 /* Info.plist */,
			);
			path = "Json Api CheckUITests";
			sourceTree = "<group>";
		};
		E51DAB87235CD08300F91097 /* Router */ = {
			isa = PBXGroup;
			children = (
				E51B6DD323573B1B005E00E2 /* Router.swift */,
			);
			name = Router;
			sourceTree = "<group>";
		};
		E51DAB88235CD09600F91097 /* PhotoDetails */ = {
			isa = PBXGroup;
			children = (
				E51DAB84235C82DA00F91097 /* PhotoDetailsView.swift */,
				E5ACD2802379A27700498BF2 /* PhotoDetailsView.xib */,
			);
			name = PhotoDetails;
			sourceTree = "<group>";
		};
		E51DAB89235CD0A500F91097 /* AlbumDetails */ = {
			isa = PBXGroup;
			children = (
				E51DAB82235C82C700F91097 /* AlbumDetailsView.swift */,
				E5FD8A5F23785B3D0055E2B9 /* AlbumDetailsView.xib */,
				E56BB44D2389785E00972C4F /* AlbumDetailsViewCell.swift */,
			);
			name = AlbumDetails;
			sourceTree = "<group>";
		};
		E51DAB8A235CD0B700F91097 /* PostDetails */ = {
			isa = PBXGroup;
			children = (
				E5FD8A5B2378286E0055E2B9 /* PostDetailsView.swift */,
				E5FD8A5C2378286E0055E2B9 /* PostDetailsView.xib */,
			);
			name = PostDetails;
			sourceTree = "<group>";
		};
		E51DAB8B235CD0D300F91097 /* UserDetails */ = {
			isa = PBXGroup;
			children = (
				E51B6DD02357370E005E00E2 /* UserDetailsView.swift */,
				E5CD137D2360765400FC9E82 /* UserDetailsPresenter.swift */,
				E5FD8A59237820490055E2B9 /* UserDetailsView.xib */,
			);
			name = UserDetails;
			sourceTree = "<group>";
		};
		E51DAB8C235CD0FA00F91097 /* UsersList */ = {
			isa = PBXGroup;
			children = (
				E51B6DBD235625AC005E00E2 /* UsersListView.swift */,
				E51B6DC323563019005E00E2 /* UsersListPresenter.swift */,
				E51B6DC723566403005E00E2 /* UsersListCellView.swift */,
			);
			name = UsersList;
			sourceTree = "<group>";
		};
		E51DAB8F235CD14300F91097 /* Repository */ = {
			isa = PBXGroup;
			children = (
				E51DAB91235CD15800F91097 /* Model */,
				E51DAB90235CD15200F91097 /* Services */,
				E51B6DC1235625F1005E00E2 /* RepositoryInteractor.swift */,
			);
			name = Repository;
			sourceTree = "<group>";
		};
		E51DAB90235CD15200F91097 /* Services */ = {
			isa = PBXGroup;
			children = (
				E5127E5C23585E4800B6A236 /* RealmService.swift */,
				E5127E5E2358657A00B6A236 /* NetworkingService.swift */,
			);
			name = Services;
			sourceTree = "<group>";
		};
		E51DAB91235CD15800F91097 /* Model */ = {
			isa = PBXGroup;
			children = (
				E51B6DD5235746CB005E00E2 /* UserRelatedPojo.swift */,
				E552A3872361D8DC007CDAED /* PostRelatedPojo.swift */,
				E552A3892361D8EC007CDAED /* AlbumRelatedPojo.swift */,
				E5FD8A65237866290055E2B9 /* PhotoRelatedPojo.swift */,
			);
			name = Model;
			sourceTree = "<group>";
		};
		E51DAB93235CD19000F91097 /* Supporting files */ = {
			isa = PBXGroup;
			children = (
				E51B6DC52356334A005E00E2 /* StaticVariables.swift */,
				E51B6D8D23562290005E00E2 /* Assets.xcassets */,
				E51B6D8F23562290005E00E2 /* LaunchScreen.storyboard */,
				E51B6D9223562290005E00E2 /* Info.plist */,
			);
			name = "Supporting files";
			sourceTree = "<group>";
		};
/* End PBXGroup section */

/* Begin PBXNativeTarget section */
		E51B6D802356228F005E00E2 /* Json Api Check */ = {
			isa = PBXNativeTarget;
			buildConfigurationList = E51B6DAB23562290005E00E2 /* Build configuration list for PBXNativeTarget "Json Api Check" */;
			buildPhases = (
				E51B6D7D2356228F005E00E2 /* Sources */,
				E51B6D7E2356228F005E00E2 /* Frameworks */,
				E51B6D7F2356228F005E00E2 /* Resources */,
			);
			buildRules = (
			);
			dependencies = (
			);
			name = "Json Api Check";
			packageProductDependencies = (
				E5127E56235854FF00B6A236 /* RealmSwift */,
			);
			productName = "Json Api Check";
			productReference = E51B6D812356228F005E00E2 /* Json Api Check.app */;
			productType = "com.apple.product-type.application";
		};
		E51B6D9623562290005E00E2 /* Json Api CheckTests */ = {
			isa = PBXNativeTarget;
			buildConfigurationList = E51B6DAE23562290005E00E2 /* Build configuration list for PBXNativeTarget "Json Api CheckTests" */;
			buildPhases = (
				E51B6D9323562290005E00E2 /* Sources */,
				E51B6D9423562290005E00E2 /* Frameworks */,
				E51B6D9523562290005E00E2 /* Resources */,
			);
			buildRules = (
			);
			dependencies = (
				E51B6D9923562290005E00E2 /* PBXTargetDependency */,
			);
			name = "Json Api CheckTests";
			productName = "Json Api CheckTests";
			productReference = E51B6D9723562290005E00E2 /* Json Api CheckTests.xctest */;
			productType = "com.apple.product-type.bundle.unit-test";
		};
		E51B6DA123562290005E00E2 /* Json Api CheckUITests */ = {
			isa = PBXNativeTarget;
			buildConfigurationList = E51B6DB123562290005E00E2 /* Build configuration list for PBXNativeTarget "Json Api CheckUITests" */;
			buildPhases = (
				E51B6D9E23562290005E00E2 /* Sources */,
				E51B6D9F23562290005E00E2 /* Frameworks */,
				E51B6DA023562290005E00E2 /* Resources */,
			);
			buildRules = (
			);
			dependencies = (
				E51B6DA423562290005E00E2 /* PBXTargetDependency */,
			);
			name = "Json Api CheckUITests";
			productName = "Json Api CheckUITests";
			productReference = E51B6DA223562290005E00E2 /* Json Api CheckUITests.xctest */;
			productType = "com.apple.product-type.bundle.ui-testing";
		};
/* End PBXNativeTarget section */

/* Begin PBXProject section */
		E51B6D792356228F005E00E2 /* Project object */ = {
			isa = PBXProject;
			attributes = {
				LastSwiftUpdateCheck = 1110;
				LastUpgradeCheck = 1110;
				ORGANIZATIONNAME = "Artem Martus";
				TargetAttributes = {
					E51B6D802356228F005E00E2 = {
						CreatedOnToolsVersion = 11.1;
					};
					E51B6D9623562290005E00E2 = {
						CreatedOnToolsVersion = 11.1;
						TestTargetID = E51B6D802356228F005E00E2;
					};
					E51B6DA123562290005E00E2 = {
						CreatedOnToolsVersion = 11.1;
						TestTargetID = E51B6D802356228F005E00E2;
					};
				};
			};
			buildConfigurationList = E51B6D7C2356228F005E00E2 /* Build configuration list for PBXProject "Json Api Check" */;
			compatibilityVersion = "Xcode 9.3";
			developmentRegion = en;
			hasScannedForEncodings = 0;
			knownRegions = (
				en,
				Base,
			);
			mainGroup = E51B6D782356228F005E00E2;
			packageReferences = (
				E5127E55235854FF00B6A236 /* XCRemoteSwiftPackageReference "realm-cocoa" */,
			);
			productRefGroup = E51B6D822356228F005E00E2 /* Products */;
			projectDirPath = "";
			projectRoot = "";
			targets = (
				E51B6D802356228F005E00E2 /* Json Api Check */,
				E51B6D9623562290005E00E2 /* Json Api CheckTests */,
				E51B6DA123562290005E00E2 /* Json Api CheckUITests */,
			);
		};
/* End PBXProject section */

/* Begin PBXResourcesBuildPhase section */
		E51B6D7F2356228F005E00E2 /* Resources */ = {
			isa = PBXResourcesBuildPhase;
			buildActionMask = 2147483647;
			files = (
				E51B6D9123562290005E00E2 /* LaunchScreen.storyboard in Resources */,
				E51B6D8E23562290005E00E2 /* Assets.xcassets in Resources */,
				E5ACD2812379A27700498BF2 /* PhotoDetailsView.xib in Resources */,
				E5FD8A5A237820490055E2B9 /* UserDetailsView.xib in Resources */,
				E5FD8A5E2378286E0055E2B9 /* PostDetailsView.xib in Resources */,
				E5FD8A6023785B3D0055E2B9 /* AlbumDetailsView.xib in Resources */,
			);
			runOnlyForDeploymentPostprocessing = 0;
		};
		E51B6D9523562290005E00E2 /* Resources */ = {
			isa = PBXResourcesBuildPhase;
			buildActionMask = 2147483647;
			files = (
			);
			runOnlyForDeploymentPostprocessing = 0;
		};
		E51B6DA023562290005E00E2 /* Resources */ = {
			isa = PBXResourcesBuildPhase;
			buildActionMask = 2147483647;
			files = (
			);
			runOnlyForDeploymentPostprocessing = 0;
		};
/* End PBXResourcesBuildPhase section */

/* Begin PBXSourcesBuildPhase section */
		E51B6D7D2356228F005E00E2 /* Sources */ = {
			isa = PBXSourcesBuildPhase;
			buildActionMask = 2147483647;
			files = (
				E51B6D852356228F005E00E2 /* AppDelegate.swift in Sources */,
				E51DAB85235C82DA00F91097 /* PhotoDetailsView.swift in Sources */,
				E5FD8A66237866290055E2B9 /* PhotoRelatedPojo.swift in Sources */,
				E56BB44F2389785E00972C4F /* AlbumDetailsViewCell.swift in Sources */,
				E51B6DC2235625F1005E00E2 /* RepositoryInteractor.swift in Sources */,
				E51DAB83235C82C700F91097 /* AlbumDetailsView.swift in Sources */,
				E51B6DD423573B1B005E00E2 /* Router.swift in Sources */,
				E5127E5F2358657A00B6A236 /* NetworkingService.swift in Sources */,
				E51B6DBE235625AC005E00E2 /* UsersListView.swift in Sources */,
				E51B6DD6235746CB005E00E2 /* UserRelatedPojo.swift in Sources */,
				E51B6DD12357370E005E00E2 /* UserDetailsView.swift in Sources */,
				E5FD8A5D2378286E0055E2B9 /* PostDetailsView.swift in Sources */,
				E5127E5D23585E4800B6A236 /* RealmService.swift in Sources */,
				E552A38A2361D8EC007CDAED /* AlbumRelatedPojo.swift in Sources */,
				E552A3882361D8DC007CDAED /* PostRelatedPojo.swift in Sources */,
				E51B6DC423563019005E00E2 /* UsersListPresenter.swift in Sources */,
				E51B6DC62356334A005E00E2 /* StaticVariables.swift in Sources */,
				E51B6DC823566403005E00E2 /* UsersListCellView.swift in Sources */,
				E5CD137E2360765400FC9E82 /* UserDetailsPresenter.swift in Sources */,
				E51B6D872356228F005E00E2 /* SceneDelegate.swift in Sources */,
			);
			runOnlyForDeploymentPostprocessing = 0;
		};
		E51B6D9323562290005E00E2 /* Sources */ = {
			isa = PBXSourcesBuildPhase;
			buildActionMask = 2147483647;
			files = (
				E51B6D9C23562290005E00E2 /* Json_Api_CheckTests.swift in Sources */,
			);
			runOnlyForDeploymentPostprocessing = 0;
		};
		E51B6D9E23562290005E00E2 /* Sources */ = {
			isa = PBXSourcesBuildPhase;
			buildActionMask = 2147483647;
			files = (
				E51B6DA723562290005E00E2 /* Json_Api_CheckUITests.swift in Sources */,
			);
			runOnlyForDeploymentPostprocessing = 0;
		};
/* End PBXSourcesBuildPhase section */

/* Begin PBXTargetDependency section */
		E51B6D9923562290005E00E2 /* PBXTargetDependency */ = {
			isa = PBXTargetDependency;
			target = E51B6D802356228F005E00E2 /* Json Api Check */;
			targetProxy = E51B6D9823562290005E00E2 /* PBXContainerItemProxy */;
		};
		E51B6DA423562290005E00E2 /* PBXTargetDependency */ = {
			isa = PBXTargetDependency;
			target = E51B6D802356228F005E00E2 /* Json Api Check */;
			targetProxy = E51B6DA323562290005E00E2 /* PBXContainerItemProxy */;
		};
/* End PBXTargetDependency section */

/* Begin PBXVariantGroup section */
		E51B6D8F23562290005E00E2 /* LaunchScreen.storyboard */ = {
			isa = PBXVariantGroup;
			children = (
				E51B6D9023562290005E00E2 /* Base */,
			);
			name = LaunchScreen.storyboard;
			sourceTree = "<group>";
		};
/* End PBXVariantGroup section */

/* Begin XCBuildConfiguration section */
		E51B6DA923562290005E00E2 /* Debug */ = {
			isa = XCBuildConfiguration;
			buildSettings = {
				ALWAYS_SEARCH_USER_PATHS = NO;
				CLANG_ANALYZER_NONNULL = YES;
				CLANG_ANALYZER_NUMBER_OBJECT_CONVERSION = YES_AGGRESSIVE;
				CLANG_CXX_LANGUAGE_STANDARD = "gnu++14";
				CLANG_CXX_LIBRARY = "libc++";
				CLANG_ENABLE_MODULES = YES;
				CLANG_ENABLE_OBJC_ARC = YES;
				CLANG_ENABLE_OBJC_WEAK = YES;
				CLANG_WARN_BLOCK_CAPTURE_AUTORELEASING = YES;
				CLANG_WARN_BOOL_CONVERSION = YES;
				CLANG_WARN_COMMA = YES;
				CLANG_WARN_CONSTANT_CONVERSION = YES;
				CLANG_WARN_DEPRECATED_OBJC_IMPLEMENTATIONS = YES;
				CLANG_WARN_DIRECT_OBJC_ISA_USAGE = YES_ERROR;
				CLANG_WARN_DOCUMENTATION_COMMENTS = YES;
				CLANG_WARN_EMPTY_BODY = YES;
				CLANG_WARN_ENUM_CONVERSION = YES;
				CLANG_WARN_INFINITE_RECURSION = YES;
				CLANG_WARN_INT_CONVERSION = YES;
				CLANG_WARN_NON_LITERAL_NULL_CONVERSION = YES;
				CLANG_WARN_OBJC_IMPLICIT_RETAIN_SELF = YES;
				CLANG_WARN_OBJC_LITERAL_CONVERSION = YES;
				CLANG_WARN_OBJC_ROOT_CLASS = YES_ERROR;
				CLANG_WARN_RANGE_LOOP_ANALYSIS = YES;
				CLANG_WARN_STRICT_PROTOTYPES = YES;
				CLANG_WARN_SUSPICIOUS_MOVE = YES;
				CLANG_WARN_UNGUARDED_AVAILABILITY = YES_AGGRESSIVE;
				CLANG_WARN_UNREACHABLE_CODE = YES;
				CLANG_WARN__DUPLICATE_METHOD_MATCH = YES;
				COPY_PHASE_STRIP = NO;
				DEAD_CODE_STRIPPING = NO;
				DEBUG_INFORMATION_FORMAT = dwarf;
				ENABLE_STRICT_OBJC_MSGSEND = YES;
				ENABLE_TESTABILITY = YES;
				GCC_C_LANGUAGE_STANDARD = gnu11;
				GCC_DYNAMIC_NO_PIC = NO;
				GCC_NO_COMMON_BLOCKS = YES;
				GCC_OPTIMIZATION_LEVEL = 0;
				GCC_PREPROCESSOR_DEFINITIONS = (
					"DEBUG=1",
					"$(inherited)",
				);
				GCC_WARN_64_TO_32_BIT_CONVERSION = YES;
				GCC_WARN_ABOUT_RETURN_TYPE = YES_ERROR;
				GCC_WARN_UNDECLARED_SELECTOR = YES;
				GCC_WARN_UNINITIALIZED_AUTOS = YES_AGGRESSIVE;
				GCC_WARN_UNUSED_FUNCTION = YES;
				GCC_WARN_UNUSED_VARIABLE = YES;
				IPHONEOS_DEPLOYMENT_TARGET = 13.1;
				MTL_ENABLE_DEBUG_INFO = INCLUDE_SOURCE;
				MTL_FAST_MATH = YES;
				NEW_SETTING = "";
				ONLY_ACTIVE_ARCH = YES;
				SDKROOT = iphoneos;
				SWIFT_ACTIVE_COMPILATION_CONDITIONS = DEBUG;
				SWIFT_OPTIMIZATION_LEVEL = "-Onone";
			};
			name = Debug;
		};
		E51B6DAA23562290005E00E2 /* Release */ = {
			isa = XCBuildConfiguration;
			buildSettings = {
				ALWAYS_SEARCH_USER_PATHS = NO;
				CLANG_ANALYZER_NONNULL = YES;
				CLANG_ANALYZER_NUMBER_OBJECT_CONVERSION = YES_AGGRESSIVE;
				CLANG_CXX_LANGUAGE_STANDARD = "gnu++14";
				CLANG_CXX_LIBRARY = "libc++";
				CLANG_ENABLE_MODULES = YES;
				CLANG_ENABLE_OBJC_ARC = YES;
				CLANG_ENABLE_OBJC_WEAK = YES;
				CLANG_WARN_BLOCK_CAPTURE_AUTORELEASING = YES;
				CLANG_WARN_BOOL_CONVERSION = YES;
				CLANG_WARN_COMMA = YES;
				CLANG_WARN_CONSTANT_CONVERSION = YES;
				CLANG_WARN_DEPRECATED_OBJC_IMPLEMENTATIONS = YES;
				CLANG_WARN_DIRECT_OBJC_ISA_USAGE = YES_ERROR;
				CLANG_WARN_DOCUMENTATION_COMMENTS = YES;
				CLANG_WARN_EMPTY_BODY = YES;
				CLANG_WARN_ENUM_CONVERSION = YES;
				CLANG_WARN_INFINITE_RECURSION = YES;
				CLANG_WARN_INT_CONVERSION = YES;
				CLANG_WARN_NON_LITERAL_NULL_CONVERSION = YES;
				CLANG_WARN_OBJC_IMPLICIT_RETAIN_SELF = YES;
				CLANG_WARN_OBJC_LITERAL_CONVERSION = YES;
				CLANG_WARN_OBJC_ROOT_CLASS = YES_ERROR;
				CLANG_WARN_RANGE_LOOP_ANALYSIS = YES;
				CLANG_WARN_STRICT_PROTOTYPES = YES;
				CLANG_WARN_SUSPICIOUS_MOVE = YES;
				CLANG_WARN_UNGUARDED_AVAILABILITY = YES_AGGRESSIVE;
				CLANG_WARN_UNREACHABLE_CODE = YES;
				CLANG_WARN__DUPLICATE_METHOD_MATCH = YES;
				COPY_PHASE_STRIP = NO;
				DEAD_CODE_STRIPPING = NO;
				DEBUG_INFORMATION_FORMAT = "dwarf-with-dsym";
				ENABLE_NS_ASSERTIONS = NO;
				ENABLE_STRICT_OBJC_MSGSEND = YES;
				GCC_C_LANGUAGE_STANDARD = gnu11;
				GCC_NO_COMMON_BLOCKS = YES;
				GCC_WARN_64_TO_32_BIT_CONVERSION = YES;
				GCC_WARN_ABOUT_RETURN_TYPE = YES_ERROR;
				GCC_WARN_UNDECLARED_SELECTOR = YES;
				GCC_WARN_UNINITIALIZED_AUTOS = YES_AGGRESSIVE;
				GCC_WARN_UNUSED_FUNCTION = YES;
				GCC_WARN_UNUSED_VARIABLE = YES;
				IPHONEOS_DEPLOYMENT_TARGET = 13.1;
				MTL_ENABLE_DEBUG_INFO = NO;
				MTL_FAST_MATH = YES;
				NEW_SETTING = "";
				SDKROOT = iphoneos;
				SWIFT_COMPILATION_MODE = wholemodule;
				SWIFT_OPTIMIZATION_LEVEL = "-O";
				VALIDATE_PRODUCT = YES;
			};
			name = Release;
		};
		E51B6DAC23562290005E00E2 /* Debug */ = {
			isa = XCBuildConfiguration;
			buildSettings = {
				ASSETCATALOG_COMPILER_APPICON_NAME = AppIcon;
				CODE_SIGN_STYLE = Automatic;
				DEVELOPMENT_TEAM = BR2V2FZWQ7;
				INFOPLIST_FILE = "Json Api Check/Info.plist";
				LD_RUNPATH_SEARCH_PATHS = (
					"$(inherited)",
					"@executable_path/Frameworks",
				);
				PRODUCT_BUNDLE_IDENTIFIER = "com.upsage.Json-Api-Check";
				PRODUCT_NAME = "$(TARGET_NAME)";
				SWIFT_VERSION = 5.0;
				TARGETED_DEVICE_FAMILY = 1;
			};
			name = Debug;
		};
		E51B6DAD23562290005E00E2 /* Release */ = {
			isa = XCBuildConfiguration;
			buildSettings = {
				ASSETCATALOG_COMPILER_APPICON_NAME = AppIcon;
				CODE_SIGN_STYLE = Automatic;
				DEVELOPMENT_TEAM = BR2V2FZWQ7;
				INFOPLIST_FILE = "Json Api Check/Info.plist";
				LD_RUNPATH_SEARCH_PATHS = (
					"$(inherited)",
					"@executable_path/Frameworks",
				);
				PRODUCT_BUNDLE_IDENTIFIER = "com.upsage.Json-Api-Check";
				PRODUCT_NAME = "$(TARGET_NAME)";
				SWIFT_VERSION = 5.0;
				TARGETED_DEVICE_FAMILY = 1;
			};
			name = Release;
		};
		E51B6DAF23562290005E00E2 /* Debug */ = {
			isa = XCBuildConfiguration;
			buildSettings = {
				ALWAYS_EMBED_SWIFT_STANDARD_LIBRARIES = YES;
				BUNDLE_LOADER = "$(TEST_HOST)";
				CODE_SIGN_STYLE = Automatic;
				DEVELOPMENT_TEAM = BR2V2FZWQ7;
				INFOPLIST_FILE = "Json Api CheckTests/Info.plist";
				IPHONEOS_DEPLOYMENT_TARGET = 13.1;
				LD_RUNPATH_SEARCH_PATHS = (
					"$(inherited)",
					"@executable_path/Frameworks",
					"@loader_path/Frameworks",
				);
				PRODUCT_BUNDLE_IDENTIFIER = "com.upsage.Json-Api-CheckTests";
				PRODUCT_NAME = "$(TARGET_NAME)";
				SWIFT_VERSION = 5.0;
				TARGETED_DEVICE_FAMILY = "1,2";
				TEST_HOST = "$(BUILT_PRODUCTS_DIR)/Json Api Check.app/Json Api Check";
			};
			name = Debug;
		};
		E51B6DB023562290005E00E2 /* Release */ = {
			isa = XCBuildConfiguration;
			buildSettings = {
				ALWAYS_EMBED_SWIFT_STANDARD_LIBRARIES = YES;
				BUNDLE_LOADER = "$(TEST_HOST)";
				CODE_SIGN_STYLE = Automatic;
				DEVELOPMENT_TEAM = BR2V2FZWQ7;
				INFOPLIST_FILE = "Json Api CheckTests/Info.plist";
				IPHONEOS_DEPLOYMENT_TARGET = 13.1;
				LD_RUNPATH_SEARCH_PATHS = (
					"$(inherited)",
					"@executable_path/Frameworks",
					"@loader_path/Frameworks",
				);
				PRODUCT_BUNDLE_IDENTIFIER = "com.upsage.Json-Api-CheckTests";
				PRODUCT_NAME = "$(TARGET_NAME)";
				SWIFT_VERSION = 5.0;
				TARGETED_DEVICE_FAMILY = "1,2";
				TEST_HOST = "$(BUILT_PRODUCTS_DIR)/Json Api Check.app/Json Api Check";
			};
			name = Release;
		};
		E51B6DB223562290005E00E2 /* Debug */ = {
			isa = XCBuildConfiguration;
			buildSettings = {
				ALWAYS_EMBED_SWIFT_STANDARD_LIBRARIES = YES;
				CODE_SIGN_STYLE = Automatic;
				DEVELOPMENT_TEAM = BR2V2FZWQ7;
				INFOPLIST_FILE = "Json Api CheckUITests/Info.plist";
				LD_RUNPATH_SEARCH_PATHS = (
					"$(inherited)",
					"@executable_path/Frameworks",
					"@loader_path/Frameworks",
				);
				PRODUCT_BUNDLE_IDENTIFIER = "com.upsage.Json-Api-CheckUITests";
				PRODUCT_NAME = "$(TARGET_NAME)";
				SWIFT_VERSION = 5.0;
				TARGETED_DEVICE_FAMILY = "1,2";
				TEST_TARGET_NAME = "Json Api Check";
			};
			name = Debug;
		};
		E51B6DB323562290005E00E2 /* Release */ = {
			isa = XCBuildConfiguration;
			buildSettings = {
				ALWAYS_EMBED_SWIFT_STANDARD_LIBRARIES = YES;
				CODE_SIGN_STYLE = Automatic;
				DEVELOPMENT_TEAM = BR2V2FZWQ7;
				INFOPLIST_FILE = "Json Api CheckUITests/Info.plist";
				LD_RUNPATH_SEARCH_PATHS = (
					"$(inherited)",
					"@executable_path/Frameworks",
					"@loader_path/Frameworks",
				);
				PRODUCT_BUNDLE_IDENTIFIER = "com.upsage.Json-Api-CheckUITests";
				PRODUCT_NAME = "$(TARGET_NAME)";
				SWIFT_VERSION = 5.0;
				TARGETED_DEVICE_FAMILY = "1,2";
				TEST_TARGET_NAME = "Json Api Check";
			};
			name = Release;
		};
/* End XCBuildConfiguration section */

/* Begin XCConfigurationList section */
		E51B6D7C2356228F005E00E2 /* Build configuration list for PBXProject "Json Api Check" */ = {
			isa = XCConfigurationList;
			buildConfigurations = (
				E51B6DA923562290005E00E2 /* Debug */,
				E51B6DAA23562290005E00E2 /* Release */,
			);
			defaultConfigurationIsVisible = 0;
			defaultConfigurationName = Release;
		};
		E51B6DAB23562290005E00E2 /* Build configuration list for PBXNativeTarget "Json Api Check" */ = {
			isa = XCConfigurationList;
			buildConfigurations = (
				E51B6DAC23562290005E00E2 /* Debug */,
				E51B6DAD23562290005E00E2 /* Release */,
			);
			defaultConfigurationIsVisible = 0;
			defaultConfigurationName = Release;
		};
		E51B6DAE23562290005E00E2 /* Build configuration list for PBXNativeTarget "Json Api CheckTests" */ = {
			isa = XCConfigurationList;
			buildConfigurations = (
				E51B6DAF23562290005E00E2 /* Debug */,
				E51B6DB023562290005E00E2 /* Release */,
			);
			defaultConfigurationIsVisible = 0;
			defaultConfigurationName = Release;
		};
		E51B6DB123562290005E00E2 /* Build configuration list for PBXNativeTarget "Json Api CheckUITests" */ = {
			isa = XCConfigurationList;
			buildConfigurations = (
				E51B6DB223562290005E00E2 /* Debug */,
				E51B6DB323562290005E00E2 /* Release */,
			);
			defaultConfigurationIsVisible = 0;
			defaultConfigurationName = Release;
		};
/* End XCConfigurationList section */

/* Begin XCRemoteSwiftPackageReference section */
		E5127E55235854FF00B6A236 /* XCRemoteSwiftPackageReference "realm-cocoa" */ = {
			isa = XCRemoteSwiftPackageReference;
			repositoryURL = "https://github.com/realm/realm-cocoa";
			requirement = {
				kind = exactVersion;
				version = 4.1.1;
			};
		};
/* End XCRemoteSwiftPackageReference section */

/* Begin XCSwiftPackageProductDependency section */
		E5127E56235854FF00B6A236 /* RealmSwift */ = {
			isa = XCSwiftPackageProductDependency;
			package = E5127E55235854FF00B6A236 /* XCRemoteSwiftPackageReference "realm-cocoa" */;
			productName = RealmSwift;
		};
/* End XCSwiftPackageProductDependency section */
	};
	rootObject = E51B6D792356228F005E00E2 /* Project object */;
}
